
Microsoft Visual Studio Solution File, Format Version 12.00
# Visual Studio Version 17
VisualStudioVersion = 17.2.32630.192
MinimumVisualStudioVersion = 10.0.40219.1
Project("{FAE04EC0-301F-11D3-BF4B-00C04F79EFBC}") = "FizzBuzzObjectOriented", "CSharpAdvanced\FizzBuzzObjectOriented.csproj", "{D5E3FA27-D7A8-4A1E-8CAD-D67916C3840F}"
EndProject
Project("{FAE04EC0-301F-11D3-BF4B-00C04F79EFBC}") = "FizzBuzzFunctional", "Test\FizzBuzzFunctional.csproj", "{F21BB668-B72C-4394-A6C0-276E3D4CA928}"
EndProject
Project("{FAE04EC0-301F-11D3-BF4B-00C04F79EFBC}") = "ConsoleApp1", "ConsoleApp1\ConsoleApp1.csproj", "{75678B6F-4BB2-43F8-9B2A-9E4B90A5C99A}"
EndProject
Global
	GlobalSection(SolutionConfigurationPlatforms) = preSolution
		Debug|Any CPU = Debug|Any CPU
		Release|Any CPU = Release|Any CPU
	EndGlobalSection
	GlobalSection(ProjectConfigurationPlatforms) = postSolution
		{D5E3FA27-D7A8-4A1E-8CAD-D67916C3840F}.Debug|Any CPU.ActiveCfg = Debug|Any CPU
		{D5E3FA27-D7A8-4A1E-8CAD-D67916C3840F}.Debug|Any CPU.Build.0 = Debug|Any CPU
		{D5E3FA27-D7A8-4A1E-8CAD-D67916C3840F}.Release|Any CPU.ActiveCfg = Release|Any CPU
		{D5E3FA27-D7A8-4A1E-8CAD-D67916C3840F}.Release|Any CPU.Build.0 = Release|Any CPU
		{F21BB668-B72C-4394-A6C0-276E3D4CA928}.Debug|Any CPU.ActiveCfg = Debug|Any CPU
		{F21BB668-B72C-4394-A6C0-276E3D4CA928}.Debug|Any CPU.Build.0 = Debug|Any CPU
		{F21BB668-B72C-4394-A6C0-276E3D4CA928}.Release|Any CPU.ActiveCfg = Release|Any CPU
		{F21BB668-B72C-4394-A6C0-276E3D4CA928}.Release|Any CPU.Build.0 = Release|Any CPU
		{75678B6F-4BB2-43F8-9B2A-9E4B90A5C99A}.Debug|Any CPU.ActiveCfg = Debug|Any CPU
		{75678B6F-4BB2-43F8-9B2A-9E4B90A5C99A}.Debug|Any CPU.Build.0 = Debug|Any CPU
		{75678B6F-4BB2-43F8-9B2A-9E4B90A5C99A}.Release|Any CPU.ActiveCfg = Release|Any CPU
		{75678B6F-4BB2-43F8-9B2A-9E4B90A5C99A}.Release|Any CPU.Build.0 = Release|Any CPU
	EndGlobalSection
	GlobalSection(SolutionProperties) = preSolution
		HideSolutionNode = FALSE
	EndGlobalSection
	GlobalSection(ExtensibilityGlobals) = postSolution
		SolutionGuid = {D377785C-D1BF-4FDC-A340-E4F8D78E9687}
	EndGlobalSection
EndGlobal
