
Microsoft Visual Studio Solution File, Format Version 12.00
# Visual Studio Version 17
VisualStudioVersion = 17.2.32630.192
MinimumVisualStudioVersion = 10.0.40219.1
Project("{9A19103F-16F7-4668-BE54-9A1E7A4F7556}") = "FizzBuzzObjectOriented", "CSharpAdvanced\FizzBuzzObjectOriented.csproj", "{D5E3FA27-D7A8-4A1E-8CAD-D67916C3840F}"
EndProject
Project("{9A19103F-16F7-4668-BE54-9A1E7A4F7556}") = "FizzBuzzFunctional", "Test\FizzBuzzFunctional.csproj", "{F21BB668-B72C-4394-A6C0-276E3D4CA928}"
EndProject
Project("{9A19103F-16F7-4668-BE54-9A1E7A4F7556}") = "IntPredicate", "ConsoleApp1\IntPredicate.csproj", "{75678B6F-4BB2-43F8-9B2A-9E4B90A5C99A}"
EndProject
Project("{9A19103F-16F7-4668-BE54-9A1E7A4F7556}") = "Button", "ConsoleApp2\Button.csproj", "{BA650448-9E19-478B-B95F-151E334172E5}"
EndProject
Project("{9A19103F-16F7-4668-BE54-9A1E7A4F7556}") = "Hoisting", "Hoisting\Hoisting.csproj", "{D105324A-33F6-4CB6-8D55-AE856F6B8A64}"
EndProject
Project("{9A19103F-16F7-4668-BE54-9A1E7A4F7556}") = "ActionFunc", "ActionFunc\ActionFunc.csproj", "{BC9A2658-BF2F-42DC-B116-52066286F7A0}"
EndProject
Project("{9A19103F-16F7-4668-BE54-9A1E7A4F7556}") = "IteratorBlock", "IteratorBlock\IteratorBlock.csproj", "{438A3EDA-839E-4C3B-8D3B-5866DF506C89}"
EndProject
Project("{9A19103F-16F7-4668-BE54-9A1E7A4F7556}") = "ReviewExample", "Review Example\ReviewExample.csproj", "{B72ABE17-FF5E-4A58-9E51-739A434F683A}"
EndProject
Project("{9A19103F-16F7-4668-BE54-9A1E7A4F7556}") = "GenericsIntroduction", "Generics\GenericsIntroduction.csproj", "{2C95A734-3819-44FC-A679-FC06DD37342E}"
EndProject
Project("{2150E333-8FDC-42A3-9474-1A3956D46DE8}") = "part2", "part2", "{5F056B87-BF31-4D2F-A5CD-5EE5EF199691}"
EndProject
Project("{2150E333-8FDC-42A3-9474-1A3956D46DE8}") = "part1", "part1", "{35BC2F2F-E3B2-4D80-ACAE-B1708EAAF28A}"
EndProject
Project("{2150E333-8FDC-42A3-9474-1A3956D46DE8}") = "part3", "part3", "{016F33DA-6DF6-401B-A8BD-2234A2604D60}"
EndProject
Project("{2150E333-8FDC-42A3-9474-1A3956D46DE8}") = "part4", "part4", "{10F5A881-0DD4-4088-8789-731029AFC27B}"
EndProject
Project("{2150E333-8FDC-42A3-9474-1A3956D46DE8}") = "part5", "part5", "{19C505CD-48C6-4A84-9029-B60421C2C87F}"
EndProject
Project("{2150E333-8FDC-42A3-9474-1A3956D46DE8}") = "part6", "part6", "{9E691550-192C-4061-9637-CE2F6DB5FE68}"
EndProject
Project("{9A19103F-16F7-4668-BE54-9A1E7A4F7556}") = "GenericLinkedList", "GenericLinkedList\GenericLinkedList.csproj", "{B727F9AF-7A33-4D35-B1FE-BCE501237FF2}"
EndProject
Project("{9A19103F-16F7-4668-BE54-9A1E7A4F7556}") = "GenericMethod", "GenericMethod\GenericMethod.csproj", "{237BEA09-D16D-43AD-9CD1-B498ED189467}"
EndProject
Project("{9A19103F-16F7-4668-BE54-9A1E7A4F7556}") = "GenericMethodLinq", "GenericMethodLinq\GenericMethodLinq.csproj", "{FD6C9C07-6965-4AFF-9026-E15DAA7167DE}"
EndProject
Project("{9A19103F-16F7-4668-BE54-9A1E7A4F7556}") = "MyEnumerableExtension", "MyEnumerableExtension\MyEnumerableExtension.csproj", "{67406769-B295-4F92-9296-89599EC30DC4}"
EndProject
Project("{9A19103F-16F7-4668-BE54-9A1E7A4F7556}") = "IEnumerableConfussion", "IEnumerableConfussion\IEnumerableConfussion.csproj", "{DBACED43-92F6-4D57-9673-6C02D57D123C}"
EndProject
Project("{9A19103F-16F7-4668-BE54-9A1E7A4F7556}") = "LinqExample", "LinQExample\LinqExample.csproj", "{D73BB22D-D910-491D-9F0F-F2489972495C}"
EndProject
Project("{9A19103F-16F7-4668-BE54-9A1E7A4F7556}") = "LinqExample1", "LinqExample1\LinqExample1.csproj", "{C3498159-EEB6-4FB7-80AA-2DBA9DECA2F2}"
EndProject
Project("{FAE04EC0-301F-11D3-BF4B-00C04F79EFBC}") = "ImplicitTyping", "ImplicitTyping\ImplicitTyping.csproj", "{124A60A9-0AF2-4C7B-80D9-A06C0399C596}"
EndProject
Project("{FAE04EC0-301F-11D3-BF4B-00C04F79EFBC}") = "ImplicitConversionUserDefined", "ImplicitConversionUserDefined\ImplicitConversionUserDefined.csproj", "{AFC083FF-C8F4-42E7-8A5D-5AAC5DB9A82B}"
EndProject
Global
	GlobalSection(SolutionConfigurationPlatforms) = preSolution
		Debug|Any CPU = Debug|Any CPU
		Release|Any CPU = Release|Any CPU
	EndGlobalSection
	GlobalSection(ProjectConfigurationPlatforms) = postSolution
		{D5E3FA27-D7A8-4A1E-8CAD-D67916C3840F}.Debug|Any CPU.ActiveCfg = Debug|Any CPU
		{D5E3FA27-D7A8-4A1E-8CAD-D67916C3840F}.Debug|Any CPU.Build.0 = Debug|Any CPU
		{D5E3FA27-D7A8-4A1E-8CAD-D67916C3840F}.Release|Any CPU.ActiveCfg = Release|Any CPU
		{D5E3FA27-D7A8-4A1E-8CAD-D67916C3840F}.Release|Any CPU.Build.0 = Release|Any CPU
		{F21BB668-B72C-4394-A6C0-276E3D4CA928}.Debug|Any CPU.ActiveCfg = Debug|Any CPU
		{F21BB668-B72C-4394-A6C0-276E3D4CA928}.Debug|Any CPU.Build.0 = Debug|Any CPU
		{F21BB668-B72C-4394-A6C0-276E3D4CA928}.Release|Any CPU.ActiveCfg = Release|Any CPU
		{F21BB668-B72C-4394-A6C0-276E3D4CA928}.Release|Any CPU.Build.0 = Release|Any CPU
		{75678B6F-4BB2-43F8-9B2A-9E4B90A5C99A}.Debug|Any CPU.ActiveCfg = Debug|Any CPU
		{75678B6F-4BB2-43F8-9B2A-9E4B90A5C99A}.Debug|Any CPU.Build.0 = Debug|Any CPU
		{75678B6F-4BB2-43F8-9B2A-9E4B90A5C99A}.Release|Any CPU.ActiveCfg = Release|Any CPU
		{75678B6F-4BB2-43F8-9B2A-9E4B90A5C99A}.Release|Any CPU.Build.0 = Release|Any CPU
		{BA650448-9E19-478B-B95F-151E334172E5}.Debug|Any CPU.ActiveCfg = Debug|Any CPU
		{BA650448-9E19-478B-B95F-151E334172E5}.Debug|Any CPU.Build.0 = Debug|Any CPU
		{BA650448-9E19-478B-B95F-151E334172E5}.Release|Any CPU.ActiveCfg = Release|Any CPU
		{BA650448-9E19-478B-B95F-151E334172E5}.Release|Any CPU.Build.0 = Release|Any CPU
		{D105324A-33F6-4CB6-8D55-AE856F6B8A64}.Debug|Any CPU.ActiveCfg = Debug|Any CPU
		{D105324A-33F6-4CB6-8D55-AE856F6B8A64}.Debug|Any CPU.Build.0 = Debug|Any CPU
		{D105324A-33F6-4CB6-8D55-AE856F6B8A64}.Release|Any CPU.ActiveCfg = Release|Any CPU
		{D105324A-33F6-4CB6-8D55-AE856F6B8A64}.Release|Any CPU.Build.0 = Release|Any CPU
		{BC9A2658-BF2F-42DC-B116-52066286F7A0}.Debug|Any CPU.ActiveCfg = Debug|Any CPU
		{BC9A2658-BF2F-42DC-B116-52066286F7A0}.Debug|Any CPU.Build.0 = Debug|Any CPU
		{BC9A2658-BF2F-42DC-B116-52066286F7A0}.Release|Any CPU.ActiveCfg = Release|Any CPU
		{BC9A2658-BF2F-42DC-B116-52066286F7A0}.Release|Any CPU.Build.0 = Release|Any CPU
		{438A3EDA-839E-4C3B-8D3B-5866DF506C89}.Debug|Any CPU.ActiveCfg = Debug|Any CPU
		{438A3EDA-839E-4C3B-8D3B-5866DF506C89}.Debug|Any CPU.Build.0 = Debug|Any CPU
		{438A3EDA-839E-4C3B-8D3B-5866DF506C89}.Release|Any CPU.ActiveCfg = Release|Any CPU
		{438A3EDA-839E-4C3B-8D3B-5866DF506C89}.Release|Any CPU.Build.0 = Release|Any CPU
		{B72ABE17-FF5E-4A58-9E51-739A434F683A}.Debug|Any CPU.ActiveCfg = Debug|Any CPU
		{B72ABE17-FF5E-4A58-9E51-739A434F683A}.Debug|Any CPU.Build.0 = Debug|Any CPU
		{B72ABE17-FF5E-4A58-9E51-739A434F683A}.Release|Any CPU.ActiveCfg = Release|Any CPU
		{B72ABE17-FF5E-4A58-9E51-739A434F683A}.Release|Any CPU.Build.0 = Release|Any CPU
		{2C95A734-3819-44FC-A679-FC06DD37342E}.Debug|Any CPU.ActiveCfg = Debug|Any CPU
		{2C95A734-3819-44FC-A679-FC06DD37342E}.Debug|Any CPU.Build.0 = Debug|Any CPU
		{2C95A734-3819-44FC-A679-FC06DD37342E}.Release|Any CPU.ActiveCfg = Release|Any CPU
		{2C95A734-3819-44FC-A679-FC06DD37342E}.Release|Any CPU.Build.0 = Release|Any CPU
		{B727F9AF-7A33-4D35-B1FE-BCE501237FF2}.Debug|Any CPU.ActiveCfg = Debug|Any CPU
		{B727F9AF-7A33-4D35-B1FE-BCE501237FF2}.Debug|Any CPU.Build.0 = Debug|Any CPU
		{B727F9AF-7A33-4D35-B1FE-BCE501237FF2}.Release|Any CPU.ActiveCfg = Release|Any CPU
		{B727F9AF-7A33-4D35-B1FE-BCE501237FF2}.Release|Any CPU.Build.0 = Release|Any CPU
		{237BEA09-D16D-43AD-9CD1-B498ED189467}.Debug|Any CPU.ActiveCfg = Debug|Any CPU
		{237BEA09-D16D-43AD-9CD1-B498ED189467}.Debug|Any CPU.Build.0 = Debug|Any CPU
		{237BEA09-D16D-43AD-9CD1-B498ED189467}.Release|Any CPU.ActiveCfg = Release|Any CPU
		{237BEA09-D16D-43AD-9CD1-B498ED189467}.Release|Any CPU.Build.0 = Release|Any CPU
		{FD6C9C07-6965-4AFF-9026-E15DAA7167DE}.Debug|Any CPU.ActiveCfg = Debug|Any CPU
		{FD6C9C07-6965-4AFF-9026-E15DAA7167DE}.Debug|Any CPU.Build.0 = Debug|Any CPU
		{FD6C9C07-6965-4AFF-9026-E15DAA7167DE}.Release|Any CPU.ActiveCfg = Release|Any CPU
		{FD6C9C07-6965-4AFF-9026-E15DAA7167DE}.Release|Any CPU.Build.0 = Release|Any CPU
		{67406769-B295-4F92-9296-89599EC30DC4}.Debug|Any CPU.ActiveCfg = Debug|Any CPU
		{67406769-B295-4F92-9296-89599EC30DC4}.Debug|Any CPU.Build.0 = Debug|Any CPU
		{67406769-B295-4F92-9296-89599EC30DC4}.Release|Any CPU.ActiveCfg = Release|Any CPU
		{67406769-B295-4F92-9296-89599EC30DC4}.Release|Any CPU.Build.0 = Release|Any CPU
		{DBACED43-92F6-4D57-9673-6C02D57D123C}.Debug|Any CPU.ActiveCfg = Debug|Any CPU
		{DBACED43-92F6-4D57-9673-6C02D57D123C}.Debug|Any CPU.Build.0 = Debug|Any CPU
		{DBACED43-92F6-4D57-9673-6C02D57D123C}.Release|Any CPU.ActiveCfg = Release|Any CPU
		{DBACED43-92F6-4D57-9673-6C02D57D123C}.Release|Any CPU.Build.0 = Release|Any CPU
		{D73BB22D-D910-491D-9F0F-F2489972495C}.Debug|Any CPU.ActiveCfg = Debug|Any CPU
		{D73BB22D-D910-491D-9F0F-F2489972495C}.Debug|Any CPU.Build.0 = Debug|Any CPU
		{D73BB22D-D910-491D-9F0F-F2489972495C}.Release|Any CPU.ActiveCfg = Release|Any CPU
		{D73BB22D-D910-491D-9F0F-F2489972495C}.Release|Any CPU.Build.0 = Release|Any CPU
		{C3498159-EEB6-4FB7-80AA-2DBA9DECA2F2}.Debug|Any CPU.ActiveCfg = Debug|Any CPU
		{C3498159-EEB6-4FB7-80AA-2DBA9DECA2F2}.Debug|Any CPU.Build.0 = Debug|Any CPU
		{C3498159-EEB6-4FB7-80AA-2DBA9DECA2F2}.Release|Any CPU.ActiveCfg = Release|Any CPU
		{C3498159-EEB6-4FB7-80AA-2DBA9DECA2F2}.Release|Any CPU.Build.0 = Release|Any CPU
		{124A60A9-0AF2-4C7B-80D9-A06C0399C596}.Debug|Any CPU.ActiveCfg = Debug|Any CPU
		{124A60A9-0AF2-4C7B-80D9-A06C0399C596}.Debug|Any CPU.Build.0 = Debug|Any CPU
		{124A60A9-0AF2-4C7B-80D9-A06C0399C596}.Release|Any CPU.ActiveCfg = Release|Any CPU
		{124A60A9-0AF2-4C7B-80D9-A06C0399C596}.Release|Any CPU.Build.0 = Release|Any CPU
		{AFC083FF-C8F4-42E7-8A5D-5AAC5DB9A82B}.Debug|Any CPU.ActiveCfg = Debug|Any CPU
		{AFC083FF-C8F4-42E7-8A5D-5AAC5DB9A82B}.Debug|Any CPU.Build.0 = Debug|Any CPU
		{AFC083FF-C8F4-42E7-8A5D-5AAC5DB9A82B}.Release|Any CPU.ActiveCfg = Release|Any CPU
		{AFC083FF-C8F4-42E7-8A5D-5AAC5DB9A82B}.Release|Any CPU.Build.0 = Release|Any CPU
	EndGlobalSection
	GlobalSection(SolutionProperties) = preSolution
		HideSolutionNode = FALSE
	EndGlobalSection
	GlobalSection(NestedProjects) = preSolution
		{D5E3FA27-D7A8-4A1E-8CAD-D67916C3840F} = {35BC2F2F-E3B2-4D80-ACAE-B1708EAAF28A}
		{F21BB668-B72C-4394-A6C0-276E3D4CA928} = {35BC2F2F-E3B2-4D80-ACAE-B1708EAAF28A}
		{75678B6F-4BB2-43F8-9B2A-9E4B90A5C99A} = {35BC2F2F-E3B2-4D80-ACAE-B1708EAAF28A}
		{BA650448-9E19-478B-B95F-151E334172E5} = {35BC2F2F-E3B2-4D80-ACAE-B1708EAAF28A}
		{D105324A-33F6-4CB6-8D55-AE856F6B8A64} = {35BC2F2F-E3B2-4D80-ACAE-B1708EAAF28A}
		{BC9A2658-BF2F-42DC-B116-52066286F7A0} = {35BC2F2F-E3B2-4D80-ACAE-B1708EAAF28A}
		{438A3EDA-839E-4C3B-8D3B-5866DF506C89} = {5F056B87-BF31-4D2F-A5CD-5EE5EF199691}
		{B72ABE17-FF5E-4A58-9E51-739A434F683A} = {5F056B87-BF31-4D2F-A5CD-5EE5EF199691}
		{2C95A734-3819-44FC-A679-FC06DD37342E} = {5F056B87-BF31-4D2F-A5CD-5EE5EF199691}
		{B727F9AF-7A33-4D35-B1FE-BCE501237FF2} = {5F056B87-BF31-4D2F-A5CD-5EE5EF199691}
		{237BEA09-D16D-43AD-9CD1-B498ED189467} = {5F056B87-BF31-4D2F-A5CD-5EE5EF199691}
		{FD6C9C07-6965-4AFF-9026-E15DAA7167DE} = {5F056B87-BF31-4D2F-A5CD-5EE5EF199691}
		{67406769-B295-4F92-9296-89599EC30DC4} = {5F056B87-BF31-4D2F-A5CD-5EE5EF199691}
		{DBACED43-92F6-4D57-9673-6C02D57D123C} = {016F33DA-6DF6-401B-A8BD-2234A2604D60}
		{D73BB22D-D910-491D-9F0F-F2489972495C} = {016F33DA-6DF6-401B-A8BD-2234A2604D60}
		{C3498159-EEB6-4FB7-80AA-2DBA9DECA2F2} = {10F5A881-0DD4-4088-8789-731029AFC27B}
		{124A60A9-0AF2-4C7B-80D9-A06C0399C596} = {10F5A881-0DD4-4088-8789-731029AFC27B}
		{AFC083FF-C8F4-42E7-8A5D-5AAC5DB9A82B} = {19C505CD-48C6-4A84-9029-B60421C2C87F}
	EndGlobalSection
	GlobalSection(ExtensibilityGlobals) = postSolution
		SolutionGuid = {D377785C-D1BF-4FDC-A340-E4F8D78E9687}
	EndGlobalSection
EndGlobal
